
Microsoft Visual Studio Solution File, Format Version 12.00
# Visual Studio Version 16
VisualStudioVersion = 16.0.30907.101
MinimumVisualStudioVersion = 10.0.40219.1
Project("{FAE04EC0-301F-11D3-BF4B-00C04F79EFBC}") = "Plmdseunaguentomais", "Plmdseunaguentomais\Plmdseunaguentomais.csproj", "{4D01DB3C-11E4-434D-97C4-A1CB00FFE03A}"
EndProject
Global
	GlobalSection(SolutionConfigurationPlatforms) = preSolution
		Debug|Any CPU = Debug|Any CPU
		Release|Any CPU = Release|Any CPU
	EndGlobalSection
	GlobalSection(ProjectConfigurationPlatforms) = postSolution
		{4D01DB3C-11E4-434D-97C4-A1CB00FFE03A}.Debug|Any CPU.ActiveCfg = Debug|Any CPU
		{4D01DB3C-11E4-434D-97C4-A1CB00FFE03A}.Debug|Any CPU.Build.0 = Debug|Any CPU
		{4D01DB3C-11E4-434D-97C4-A1CB00FFE03A}.Release|Any CPU.ActiveCfg = Release|Any CPU
		{4D01DB3C-11E4-434D-97C4-A1CB00FFE03A}.Release|Any CPU.Build.0 = Release|Any CPU
	EndGlobalSection
	GlobalSection(SolutionProperties) = preSolution
		HideSolutionNode = FALSE
	EndGlobalSection
	GlobalSection(ExtensibilityGlobals) = postSolution
		SolutionGuid = {38A43A66-DC19-4685-98FA-675B2E27BF9F}
	EndGlobalSection
EndGlobal
